
Microsoft Visual Studio Solution File, Format Version 12.00
# Visual Studio Version 17
VisualStudioVersion = 17.2.32526.322
MinimumVisualStudioVersion = 10.0.40219.1
Project("{FAE04EC0-301F-11D3-BF4B-00C04F79EFBC}") = "GoogleSheets", "GoogleSheets.csproj", "{7B031FB3-1ECC-4BDD-BA52-C4720B0857D0}"
EndProject
Global
	GlobalSection(SolutionConfigurationPlatforms) = preSolution
		Debug|Any CPU = Debug|Any CPU
		Release|Any CPU = Release|Any CPU
	EndGlobalSection
	GlobalSection(ProjectConfigurationPlatforms) = postSolution
		{7B031FB3-1ECC-4BDD-BA52-C4720B0857D0}.Debug|Any CPU.ActiveCfg = Debug|Any CPU
		{7B031FB3-1ECC-4BDD-BA52-C4720B0857D0}.Debug|Any CPU.Build.0 = Debug|Any CPU
		{7B031FB3-1ECC-4BDD-BA52-C4720B0857D0}.Release|Any CPU.ActiveCfg = Release|Any CPU
		{7B031FB3-1ECC-4BDD-BA52-C4720B0857D0}.Release|Any CPU.Build.0 = Release|Any CPU
	EndGlobalSection
	GlobalSection(SolutionProperties) = preSolution
		HideSolutionNode = FALSE
	EndGlobalSection
	GlobalSection(ExtensibilityGlobals) = postSolution
		SolutionGuid = {AFC461F1-18CA-4AEC-A8FB-A49E76B38B63}
	EndGlobalSection
EndGlobal
